// !$*UTF8*$!
{
	archiveVersion = 1;
	classes = {
	};
	objectVersion = 46;
	objects = {

/* Begin PBXBuildFile section */
		89CF06A11BC089A4001DB09B /* EditViewController.m in Sources */ = {isa = PBXBuildFile; fileRef = 89CF06A01BC089A3001DB09B /* EditViewController.m */; };
		89CF06A81BC1B991001DB09B /* MessageDictionary.m in Sources */ = {isa = PBXBuildFile; fileRef = 89CF06A71BC1B991001DB09B /* MessageDictionary.m */; };
		89CF06AB1BC1BFCB001DB09B /* Product.m in Sources */ = {isa = PBXBuildFile; fileRef = 89CF06AA1BC1BFCB001DB09B /* Product.m */; };
		89CF06AE1BC1C5D3001DB09B /* ProductViewController.m in Sources */ = {isa = PBXBuildFile; fileRef = 89CF06AD1BC1C5D3001DB09B /* ProductViewController.m */; };
		89CF06B11BC1D6B4001DB09B /* ProductDetailViewController.m in Sources */ = {isa = PBXBuildFile; fileRef = 89CF06B01BC1D6B4001DB09B /* ProductDetailViewController.m */; };
		89CF06B51BC6383C001DB09B /* images.jpg in Resources */ = {isa = PBXBuildFile; fileRef = 89CF06B41BC6383C001DB09B /* images.jpg */; };
		89CF06B81BC70832001DB09B /* CartViewController.m in Sources */ = {isa = PBXBuildFile; fileRef = 89CF06B71BC70832001DB09B /* CartViewController.m */; };
		89CF06C31BCDEAC9001DB09B /* cart.png in Resources */ = {isa = PBXBuildFile; fileRef = 89CF06C21BCDEAC9001DB09B /* cart.png */; };
		89CF06C61BCDF02C001DB09B /* Order.m in Sources */ = {isa = PBXBuildFile; fileRef = 89CF06C51BCDF02C001DB09B /* Order.m */; };
		89CF06CA1BCDFF30001DB09B /* ProductViewCell.m in Sources */ = {isa = PBXBuildFile; fileRef = 89CF06C91BCDFF30001DB09B /* ProductViewCell.m */; };
		89CF06CC1BD015E5001DB09B /* garbage12.png in Resources */ = {isa = PBXBuildFile; fileRef = 89CF06CB1BD015E4001DB09B /* garbage12.png */; };
		89CF06CE1BD0275B001DB09B /* shopping122.png in Resources */ = {isa = PBXBuildFile; fileRef = 89CF06CD1BD0275B001DB09B /* shopping122.png */; };
		89CF06D01BD02B46001DB09B /* shopping100.png in Resources */ = {isa = PBXBuildFile; fileRef = 89CF06CF1BD02B46001DB09B /* shopping100.png */; };
		89CF06D21BD030FC001DB09B /* nfc1.png in Resources */ = {isa = PBXBuildFile; fileRef = 89CF06D11BD030FC001DB09B /* nfc1.png */; };
		89CF06D51BD28537001DB09B /* OrderViewController.m in Sources */ = {isa = PBXBuildFile; fileRef = 89CF06D41BD28537001DB09B /* OrderViewController.m */; };
		89CF06D81BD2A5F2001DB09B /* UIDownPicker.m in Sources */ = {isa = PBXBuildFile; fileRef = 89CF06D71BD2A5F2001DB09B /* UIDownPicker.m */; };
		89CF06F11BD6A804001DB09B /* NFCViewController.m in Sources */ = {isa = PBXBuildFile; fileRef = 89CF06F01BD6A804001DB09B /* NFCViewController.m */; };
		89CF06F31BD6A904001DB09B /* Captura de pantalla 2015-10-20 a las 13.52.36.png in Resources */ = {isa = PBXBuildFile; fileRef = 89CF06F21BD6A904001DB09B /* Captura de pantalla 2015-10-20 a las 13.52.36.png */; };
		89CF06F61BD6D28A001DB09B /* Promotion.m in Sources */ = {isa = PBXBuildFile; fileRef = 89CF06F51BD6D28A001DB09B /* Promotion.m */; };
		89CF06FC1BD6DB6E001DB09B /* OffersViewController.m in Sources */ = {isa = PBXBuildFile; fileRef = 89CF06FB1BD6DB6E001DB09B /* OffersViewController.m */; };
		89CF06FF1BD98835001DB09B /* Card.m in Sources */ = {isa = PBXBuildFile; fileRef = 89CF06FE1BD98835001DB09B /* Card.m */; };
		89CF07051BD98929001DB09B /* Bank.m in Sources */ = {isa = PBXBuildFile; fileRef = 89CF07041BD98929001DB09B /* Bank.m */; };
		89CF07081BD98E09001DB09B /* CardsViewController.m in Sources */ = {isa = PBXBuildFile; fileRef = 89CF07071BD98E09001DB09B /* CardsViewController.m */; };
		89CF070B1BD98F31001DB09B /* User.m in Sources */ = {isa = PBXBuildFile; fileRef = 89CF070A1BD98F31001DB09B /* User.m */; };
		89CF070E1BDC2BE8001DB09B /* Categorie.m in Sources */ = {isa = PBXBuildFile; fileRef = 89CF070D1BDC2BE8001DB09B /* Categorie.m */; };
		89CF07111BE00DCF001DB09B /* MyOrdersViewController.m in Sources */ = {isa = PBXBuildFile; fileRef = 89CF07101BE00DCF001DB09B /* MyOrdersViewController.m */; settings = {ASSET_TAGS = (); }; };
		89FB77D41BB8A8670043EF4A /* RegisterViewController.m in Sources */ = {isa = PBXBuildFile; fileRef = 89FB77D31BB8A8670043EF4A /* RegisterViewController.m */; };
		C10793EA1BD2D2700024A633 /* NavigationViewController.m in Sources */ = {isa = PBXBuildFile; fileRef = C10793E91BD2D2700024A633 /* NavigationViewController.m */; };
		C109E72E1BD2DA7E000981F2 /* SWRevealViewController.m in Sources */ = {isa = PBXBuildFile; fileRef = C109E72D1BD2DA7E000981F2 /* SWRevealViewController.m */; };
		C109E7301BD2DC68000981F2 /* Foundation.framework in Frameworks */ = {isa = PBXBuildFile; fileRef = C109E72F1BD2DC68000981F2 /* Foundation.framework */; };
		C109E7321BD2DC78000981F2 /* UIKit.framework in Frameworks */ = {isa = PBXBuildFile; fileRef = C109E7311BD2DC78000981F2 /* UIKit.framework */; };
		C14212831BDDBCAB00CDAD2E /* TestCollectionViewController.m in Sources */ = {isa = PBXBuildFile; fileRef = C14212821BDDBCAB00CDAD2E /* TestCollectionViewController.m */; };
		C162536C1BE57B9400A26E68 /* CashViewController.m in Sources */ = {isa = PBXBuildFile; fileRef = C162536B1BE57B9400A26E68 /* CashViewController.m */; };
		C162536F1BE5857000A26E68 /* CashOrder.m in Sources */ = {isa = PBXBuildFile; fileRef = C162536E1BE5857000A26E68 /* CashOrder.m */; };
		C17D70BA1BD449B500ABE01E /* Address.m in Sources */ = {isa = PBXBuildFile; fileRef = C17D70B91BD449B500ABE01E /* Address.m */; };
		C17D70BD1BD4557900ABE01E /* ProductOrder.m in Sources */ = {isa = PBXBuildFile; fileRef = C17D70BC1BD4557900ABE01E /* ProductOrder.m */; };
		C1AB75481BDF2B7C000613B6 /* cart_ok.png in Resources */ = {isa = PBXBuildFile; fileRef = C1AB75471BDF2B7C000613B6 /* cart_ok.png */; };
		C1AB754B1BDF2E21000613B6 /* ERP.m in Sources */ = {isa = PBXBuildFile; fileRef = C1AB754A1BDF2E21000613B6 /* ERP.m */; };
		C1AB754E1BDF375C000613B6 /* ConfirmationViewController.m in Sources */ = {isa = PBXBuildFile; fileRef = C1AB754D1BDF375C000613B6 /* ConfirmationViewController.m */; };
		C1ECDBD41BB7504000CC2A9A /* Bolts.framework in Frameworks */ = {isa = PBXBuildFile; fileRef = C1ECDBC51BB74F9F00CC2A9A /* Bolts.framework */; };
		C1ECDBD51BB7504000CC2A9A /* Parse.framework in Frameworks */ = {isa = PBXBuildFile; fileRef = C1ECDBC61BB74F9F00CC2A9A /* Parse.framework */; };
		C1ECDBD61BB7504000CC2A9A /* ParseCrashReporting.framework in Frameworks */ = {isa = PBXBuildFile; fileRef = C1ECDBC71BB74F9F00CC2A9A /* ParseCrashReporting.framework */; };
		C1ECDBD71BB7504000CC2A9A /* ParseFacebookUtils.framework in Frameworks */ = {isa = PBXBuildFile; fileRef = C1ECDBC81BB74F9F00CC2A9A /* ParseFacebookUtils.framework */; };
		C1ECDBD81BB7504000CC2A9A /* ParseFacebookUtilsV4.framework in Frameworks */ = {isa = PBXBuildFile; fileRef = C1ECDBC91BB74F9F00CC2A9A /* ParseFacebookUtilsV4.framework */; };
		C1ECDBD91BB7504000CC2A9A /* ParseTwitterUtils.framework in Frameworks */ = {isa = PBXBuildFile; fileRef = C1ECDBCA1BB74F9F00CC2A9A /* ParseTwitterUtils.framework */; };
		C1ECDBDA1BB7504000CC2A9A /* ParseUI.framework in Frameworks */ = {isa = PBXBuildFile; fileRef = C1ECDBCB1BB74F9F00CC2A9A /* ParseUI.framework */; };
		C1ECDBDD1BB7532100CC2A9A /* AudioToolbox.framework in Frameworks */ = {isa = PBXBuildFile; fileRef = C1ECDBDC1BB7532100CC2A9A /* AudioToolbox.framework */; };
		C1ECDBDF1BB7534700CC2A9A /* CFNetwork.framework in Frameworks */ = {isa = PBXBuildFile; fileRef = C1ECDBDE1BB7534700CC2A9A /* CFNetwork.framework */; };
		C1ECDBE11BB7535200CC2A9A /* CoreGraphics.framework in Frameworks */ = {isa = PBXBuildFile; fileRef = C1ECDBE01BB7535200CC2A9A /* CoreGraphics.framework */; };
		C1ECDBE31BB7536000CC2A9A /* CoreLocation.framework in Frameworks */ = {isa = PBXBuildFile; fileRef = C1ECDBE21BB7536000CC2A9A /* CoreLocation.framework */; };
		C1ECDBE51BB7536A00CC2A9A /* QuartzCore.framework in Frameworks */ = {isa = PBXBuildFile; fileRef = C1ECDBE41BB7536900CC2A9A /* QuartzCore.framework */; };
		C1ECDBE71BB7537900CC2A9A /* Security.framework in Frameworks */ = {isa = PBXBuildFile; fileRef = C1ECDBE61BB7537900CC2A9A /* Security.framework */; };
		C1ECDBE91BB7538000CC2A9A /* StoreKit.framework in Frameworks */ = {isa = PBXBuildFile; fileRef = C1ECDBE81BB7538000CC2A9A /* StoreKit.framework */; };
		C1ECDBEB1BB7538D00CC2A9A /* SystemConfiguration.framework in Frameworks */ = {isa = PBXBuildFile; fileRef = C1ECDBEA1BB7538D00CC2A9A /* SystemConfiguration.framework */; };
		C1ECDBED1BB7539A00CC2A9A /* libz.dylib in Frameworks */ = {isa = PBXBuildFile; fileRef = C1ECDBEC1BB7539A00CC2A9A /* libz.dylib */; };
		C1ECDBEF1BB753AA00CC2A9A /* libsqlite3.dylib in Frameworks */ = {isa = PBXBuildFile; fileRef = C1ECDBEE1BB753AA00CC2A9A /* libsqlite3.dylib */; };
		C1ECDBF11BB753B700CC2A9A /* Accounts.framework in Frameworks */ = {isa = PBXBuildFile; fileRef = C1ECDBF01BB753B700CC2A9A /* Accounts.framework */; };
		C1ECDBF31BB753BE00CC2A9A /* Social.framework in Frameworks */ = {isa = PBXBuildFile; fileRef = C1ECDBF21BB753BE00CC2A9A /* Social.framework */; };
		C1F8E11A1BB7287100484FBA /* main.m in Sources */ = {isa = PBXBuildFile; fileRef = C1F8E1191BB7287100484FBA /* main.m */; };
		C1F8E11D1BB7287100484FBA /* AppDelegate.m in Sources */ = {isa = PBXBuildFile; fileRef = C1F8E11C1BB7287100484FBA /* AppDelegate.m */; };
		C1F8E1201BB7287100484FBA /* Electrodom.xcdatamodeld in Sources */ = {isa = PBXBuildFile; fileRef = C1F8E11E1BB7287100484FBA /* Electrodom.xcdatamodeld */; };
		C1F8E1231BB7287100484FBA /* ViewController.m in Sources */ = {isa = PBXBuildFile; fileRef = C1F8E1221BB7287100484FBA /* ViewController.m */; };
		C1F8E1281BB7287100484FBA /* Images.xcassets in Resources */ = {isa = PBXBuildFile; fileRef = C1F8E1271BB7287100484FBA /* Images.xcassets */; };
		C1F8E1371BB7287200484FBA /* ElectrodomTests.m in Sources */ = {isa = PBXBuildFile; fileRef = C1F8E1361BB7287200484FBA /* ElectrodomTests.m */; };
		C1FFDEF51BB734D40087DC68 /* Main.storyboard in Resources */ = {isa = PBXBuildFile; fileRef = C1FFDEF31BB734D40087DC68 /* Main.storyboard */; };
		C1FFDEFE1BB739EC0087DC68 /* GlobalElectrodom.m in Sources */ = {isa = PBXBuildFile; fileRef = C1FFDEFD1BB739EC0087DC68 /* GlobalElectrodom.m */; };
		C1FFDF021BB73FFC0087DC68 /* HomeViewController.m in Sources */ = {isa = PBXBuildFile; fileRef = C1FFDF011BB73FFC0087DC68 /* HomeViewController.m */; };
/* End PBXBuildFile section */

/* Begin PBXContainerItemProxy section */
		C1F8E1311BB7287200484FBA /* PBXContainerItemProxy */ = {
			isa = PBXContainerItemProxy;
			containerPortal = C1F8E10C1BB7287100484FBA /* Project object */;
			proxyType = 1;
			remoteGlobalIDString = C1F8E1131BB7287100484FBA;
			remoteInfo = Electrodom;
		};
/* End PBXContainerItemProxy section */

/* Begin PBXFileReference section */
		89CF069F1BC089A3001DB09B /* EditViewController.h */ = {isa = PBXFileReference; fileEncoding = 4; lastKnownFileType = sourcecode.c.h; path = EditViewController.h; sourceTree = "<group>"; };
		89CF06A01BC089A3001DB09B /* EditViewController.m */ = {isa = PBXFileReference; fileEncoding = 4; lastKnownFileType = sourcecode.c.objc; path = EditViewController.m; sourceTree = "<group>"; };
		89CF06A61BC1B991001DB09B /* MessageDictionary.h */ = {isa = PBXFileReference; fileEncoding = 4; lastKnownFileType = sourcecode.c.h; path = MessageDictionary.h; sourceTree = "<group>"; };
		89CF06A71BC1B991001DB09B /* MessageDictionary.m */ = {isa = PBXFileReference; fileEncoding = 4; lastKnownFileType = sourcecode.c.objc; path = MessageDictionary.m; sourceTree = "<group>"; };
		89CF06A91BC1BFCB001DB09B /* Product.h */ = {isa = PBXFileReference; fileEncoding = 4; lastKnownFileType = sourcecode.c.h; path = Product.h; sourceTree = "<group>"; };
		89CF06AA1BC1BFCB001DB09B /* Product.m */ = {isa = PBXFileReference; fileEncoding = 4; lastKnownFileType = sourcecode.c.objc; path = Product.m; sourceTree = "<group>"; };
		89CF06AC1BC1C5D3001DB09B /* ProductViewController.h */ = {isa = PBXFileReference; fileEncoding = 4; lastKnownFileType = sourcecode.c.h; path = ProductViewController.h; sourceTree = "<group>"; };
		89CF06AD1BC1C5D3001DB09B /* ProductViewController.m */ = {isa = PBXFileReference; fileEncoding = 4; lastKnownFileType = sourcecode.c.objc; path = ProductViewController.m; sourceTree = "<group>"; };
		89CF06AF1BC1D6B4001DB09B /* ProductDetailViewController.h */ = {isa = PBXFileReference; fileEncoding = 4; lastKnownFileType = sourcecode.c.h; path = ProductDetailViewController.h; sourceTree = "<group>"; };
		89CF06B01BC1D6B4001DB09B /* ProductDetailViewController.m */ = {isa = PBXFileReference; fileEncoding = 4; lastKnownFileType = sourcecode.c.objc; path = ProductDetailViewController.m; sourceTree = "<group>"; };
		89CF06B41BC6383C001DB09B /* images.jpg */ = {isa = PBXFileReference; lastKnownFileType = image.jpeg; path = images.jpg; sourceTree = "<group>"; };
		89CF06B61BC70832001DB09B /* CartViewController.h */ = {isa = PBXFileReference; fileEncoding = 4; lastKnownFileType = sourcecode.c.h; path = CartViewController.h; sourceTree = "<group>"; };
		89CF06B71BC70832001DB09B /* CartViewController.m */ = {isa = PBXFileReference; fileEncoding = 4; lastKnownFileType = sourcecode.c.objc; path = CartViewController.m; sourceTree = "<group>"; };
		89CF06C21BCDEAC9001DB09B /* cart.png */ = {isa = PBXFileReference; lastKnownFileType = image.png; path = cart.png; sourceTree = "<group>"; };
		89CF06C41BCDF02C001DB09B /* Order.h */ = {isa = PBXFileReference; fileEncoding = 4; lastKnownFileType = sourcecode.c.h; path = Order.h; sourceTree = "<group>"; };
		89CF06C51BCDF02C001DB09B /* Order.m */ = {isa = PBXFileReference; fileEncoding = 4; lastKnownFileType = sourcecode.c.objc; path = Order.m; sourceTree = "<group>"; };
		89CF06C81BCDFF30001DB09B /* ProductViewCell.h */ = {isa = PBXFileReference; fileEncoding = 4; lastKnownFileType = sourcecode.c.h; path = ProductViewCell.h; sourceTree = "<group>"; };
		89CF06C91BCDFF30001DB09B /* ProductViewCell.m */ = {isa = PBXFileReference; fileEncoding = 4; lastKnownFileType = sourcecode.c.objc; path = ProductViewCell.m; sourceTree = "<group>"; };
		89CF06CB1BD015E4001DB09B /* garbage12.png */ = {isa = PBXFileReference; lastKnownFileType = image.png; path = garbage12.png; sourceTree = "<group>"; };
		89CF06CD1BD0275B001DB09B /* shopping122.png */ = {isa = PBXFileReference; lastKnownFileType = image.png; path = shopping122.png; sourceTree = "<group>"; };
		89CF06CF1BD02B46001DB09B /* shopping100.png */ = {isa = PBXFileReference; lastKnownFileType = image.png; path = shopping100.png; sourceTree = "<group>"; };
		89CF06D11BD030FC001DB09B /* nfc1.png */ = {isa = PBXFileReference; lastKnownFileType = image.png; path = nfc1.png; sourceTree = "<group>"; };
		89CF06D31BD28537001DB09B /* OrderViewController.h */ = {isa = PBXFileReference; fileEncoding = 4; lastKnownFileType = sourcecode.c.h; path = OrderViewController.h; sourceTree = "<group>"; };
		89CF06D41BD28537001DB09B /* OrderViewController.m */ = {isa = PBXFileReference; fileEncoding = 4; lastKnownFileType = sourcecode.c.objc; path = OrderViewController.m; sourceTree = "<group>"; };
		89CF06D61BD2A5F2001DB09B /* UIDownPicker.h */ = {isa = PBXFileReference; fileEncoding = 4; lastKnownFileType = sourcecode.c.h; path = UIDownPicker.h; sourceTree = "<group>"; };
		89CF06D71BD2A5F2001DB09B /* UIDownPicker.m */ = {isa = PBXFileReference; fileEncoding = 4; lastKnownFileType = sourcecode.c.objc; path = UIDownPicker.m; sourceTree = "<group>"; };
		89CF06EF1BD6A804001DB09B /* NFCViewController.h */ = {isa = PBXFileReference; fileEncoding = 4; lastKnownFileType = sourcecode.c.h; path = NFCViewController.h; sourceTree = "<group>"; };
		89CF06F01BD6A804001DB09B /* NFCViewController.m */ = {isa = PBXFileReference; fileEncoding = 4; lastKnownFileType = sourcecode.c.objc; path = NFCViewController.m; sourceTree = "<group>"; };
		89CF06F21BD6A904001DB09B /* Captura de pantalla 2015-10-20 a las 13.52.36.png */ = {isa = PBXFileReference; lastKnownFileType = image.png; path = "Captura de pantalla 2015-10-20 a las 13.52.36.png"; sourceTree = "<group>"; };
		89CF06F41BD6D28A001DB09B /* Promotion.h */ = {isa = PBXFileReference; fileEncoding = 4; lastKnownFileType = sourcecode.c.h; path = Promotion.h; sourceTree = "<group>"; };
		89CF06F51BD6D28A001DB09B /* Promotion.m */ = {isa = PBXFileReference; fileEncoding = 4; lastKnownFileType = sourcecode.c.objc; path = Promotion.m; sourceTree = "<group>"; };
		89CF06FA1BD6DB6E001DB09B /* OffersViewController.h */ = {isa = PBXFileReference; fileEncoding = 4; lastKnownFileType = sourcecode.c.h; path = OffersViewController.h; sourceTree = "<group>"; };
		89CF06FB1BD6DB6E001DB09B /* OffersViewController.m */ = {isa = PBXFileReference; fileEncoding = 4; lastKnownFileType = sourcecode.c.objc; path = OffersViewController.m; sourceTree = "<group>"; };
		89CF06FD1BD98835001DB09B /* Card.h */ = {isa = PBXFileReference; fileEncoding = 4; lastKnownFileType = sourcecode.c.h; path = Card.h; sourceTree = "<group>"; };
		89CF06FE1BD98835001DB09B /* Card.m */ = {isa = PBXFileReference; fileEncoding = 4; lastKnownFileType = sourcecode.c.objc; path = Card.m; sourceTree = "<group>"; };
		89CF07031BD98929001DB09B /* Bank.h */ = {isa = PBXFileReference; fileEncoding = 4; lastKnownFileType = sourcecode.c.h; path = Bank.h; sourceTree = "<group>"; };
		89CF07041BD98929001DB09B /* Bank.m */ = {isa = PBXFileReference; fileEncoding = 4; lastKnownFileType = sourcecode.c.objc; path = Bank.m; sourceTree = "<group>"; };
		89CF07061BD98E09001DB09B /* CardsViewController.h */ = {isa = PBXFileReference; fileEncoding = 4; lastKnownFileType = sourcecode.c.h; path = CardsViewController.h; sourceTree = "<group>"; };
		89CF07071BD98E09001DB09B /* CardsViewController.m */ = {isa = PBXFileReference; fileEncoding = 4; lastKnownFileType = sourcecode.c.objc; path = CardsViewController.m; sourceTree = "<group>"; };
		89CF07091BD98F31001DB09B /* User.h */ = {isa = PBXFileReference; fileEncoding = 4; lastKnownFileType = sourcecode.c.h; path = User.h; sourceTree = "<group>"; };
		89CF070A1BD98F31001DB09B /* User.m */ = {isa = PBXFileReference; fileEncoding = 4; lastKnownFileType = sourcecode.c.objc; path = User.m; sourceTree = "<group>"; };
		89CF070C1BDC2BE8001DB09B /* Categorie.h */ = {isa = PBXFileReference; fileEncoding = 4; lastKnownFileType = sourcecode.c.h; path = Categorie.h; sourceTree = "<group>"; };
		89CF070D1BDC2BE8001DB09B /* Categorie.m */ = {isa = PBXFileReference; fileEncoding = 4; lastKnownFileType = sourcecode.c.objc; path = Categorie.m; sourceTree = "<group>"; };
		89CF070F1BE00DCF001DB09B /* MyOrdersViewController.h */ = {isa = PBXFileReference; fileEncoding = 4; lastKnownFileType = sourcecode.c.h; path = MyOrdersViewController.h; sourceTree = "<group>"; };
		89CF07101BE00DCF001DB09B /* MyOrdersViewController.m */ = {isa = PBXFileReference; fileEncoding = 4; lastKnownFileType = sourcecode.c.objc; path = MyOrdersViewController.m; sourceTree = "<group>"; };
		89FB77D21BB8A8670043EF4A /* RegisterViewController.h */ = {isa = PBXFileReference; fileEncoding = 4; lastKnownFileType = sourcecode.c.h; path = RegisterViewController.h; sourceTree = "<group>"; };
		89FB77D31BB8A8670043EF4A /* RegisterViewController.m */ = {isa = PBXFileReference; fileEncoding = 4; lastKnownFileType = sourcecode.c.objc; path = RegisterViewController.m; sourceTree = "<group>"; };
		C10793E81BD2D2700024A633 /* NavigationViewController.h */ = {isa = PBXFileReference; fileEncoding = 4; lastKnownFileType = sourcecode.c.h; path = NavigationViewController.h; sourceTree = "<group>"; };
		C10793E91BD2D2700024A633 /* NavigationViewController.m */ = {isa = PBXFileReference; fileEncoding = 4; lastKnownFileType = sourcecode.c.objc; path = NavigationViewController.m; sourceTree = "<group>"; };
		C109E72C1BD2DA7E000981F2 /* SWRevealViewController.h */ = {isa = PBXFileReference; fileEncoding = 4; lastKnownFileType = sourcecode.c.h; name = SWRevealViewController.h; path = SlideOutMenuFiles/SWRevealViewController.h; sourceTree = "<group>"; };
		C109E72D1BD2DA7E000981F2 /* SWRevealViewController.m */ = {isa = PBXFileReference; fileEncoding = 4; lastKnownFileType = sourcecode.c.objc; name = SWRevealViewController.m; path = SlideOutMenuFiles/SWRevealViewController.m; sourceTree = "<group>"; };
		C109E72F1BD2DC68000981F2 /* Foundation.framework */ = {isa = PBXFileReference; lastKnownFileType = wrapper.framework; name = Foundation.framework; path = System/Library/Frameworks/Foundation.framework; sourceTree = SDKROOT; };
		C109E7311BD2DC78000981F2 /* UIKit.framework */ = {isa = PBXFileReference; lastKnownFileType = wrapper.framework; name = UIKit.framework; path = System/Library/Frameworks/UIKit.framework; sourceTree = SDKROOT; };
		C14212811BDDBCAB00CDAD2E /* TestCollectionViewController.h */ = {isa = PBXFileReference; fileEncoding = 4; lastKnownFileType = sourcecode.c.h; path = TestCollectionViewController.h; sourceTree = "<group>"; };
		C14212821BDDBCAB00CDAD2E /* TestCollectionViewController.m */ = {isa = PBXFileReference; fileEncoding = 4; lastKnownFileType = sourcecode.c.objc; path = TestCollectionViewController.m; sourceTree = "<group>"; };
		C162536A1BE57B9400A26E68 /* CashViewController.h */ = {isa = PBXFileReference; fileEncoding = 4; lastKnownFileType = sourcecode.c.h; path = CashViewController.h; sourceTree = "<group>"; };
		C162536B1BE57B9400A26E68 /* CashViewController.m */ = {isa = PBXFileReference; fileEncoding = 4; lastKnownFileType = sourcecode.c.objc; path = CashViewController.m; sourceTree = "<group>"; };
		C162536D1BE5857000A26E68 /* CashOrder.h */ = {isa = PBXFileReference; fileEncoding = 4; lastKnownFileType = sourcecode.c.h; path = CashOrder.h; sourceTree = "<group>"; };
		C162536E1BE5857000A26E68 /* CashOrder.m */ = {isa = PBXFileReference; fileEncoding = 4; lastKnownFileType = sourcecode.c.objc; path = CashOrder.m; sourceTree = "<group>"; };
		C17D70B81BD449B500ABE01E /* Address.h */ = {isa = PBXFileReference; fileEncoding = 4; lastKnownFileType = sourcecode.c.h; path = Address.h; sourceTree = "<group>"; };
		C17D70B91BD449B500ABE01E /* Address.m */ = {isa = PBXFileReference; fileEncoding = 4; lastKnownFileType = sourcecode.c.objc; path = Address.m; sourceTree = "<group>"; };
		C17D70BB1BD4557900ABE01E /* ProductOrder.h */ = {isa = PBXFileReference; fileEncoding = 4; lastKnownFileType = sourcecode.c.h; path = ProductOrder.h; sourceTree = "<group>"; };
		C17D70BC1BD4557900ABE01E /* ProductOrder.m */ = {isa = PBXFileReference; fileEncoding = 4; lastKnownFileType = sourcecode.c.objc; path = ProductOrder.m; sourceTree = "<group>"; };
		C1AB75471BDF2B7C000613B6 /* cart_ok.png */ = {isa = PBXFileReference; lastKnownFileType = image.png; path = cart_ok.png; sourceTree = "<group>"; };
		C1AB75491BDF2E21000613B6 /* ERP.h */ = {isa = PBXFileReference; fileEncoding = 4; lastKnownFileType = sourcecode.c.h; path = ERP.h; sourceTree = "<group>"; };
		C1AB754A1BDF2E21000613B6 /* ERP.m */ = {isa = PBXFileReference; fileEncoding = 4; lastKnownFileType = sourcecode.c.objc; path = ERP.m; sourceTree = "<group>"; };
		C1AB754C1BDF375C000613B6 /* ConfirmationViewController.h */ = {isa = PBXFileReference; fileEncoding = 4; lastKnownFileType = sourcecode.c.h; path = ConfirmationViewController.h; sourceTree = "<group>"; };
		C1AB754D1BDF375C000613B6 /* ConfirmationViewController.m */ = {isa = PBXFileReference; fileEncoding = 4; lastKnownFileType = sourcecode.c.objc; path = ConfirmationViewController.m; sourceTree = "<group>"; };
		C1ECDBC51BB74F9F00CC2A9A /* Bolts.framework */ = {isa = PBXFileReference; lastKnownFileType = wrapper.framework; name = Bolts.framework; path = "Electrodom/parse-library-1.8.5/Bolts.framework"; sourceTree = "<group>"; };
		C1ECDBC61BB74F9F00CC2A9A /* Parse.framework */ = {isa = PBXFileReference; lastKnownFileType = wrapper.framework; name = Parse.framework; path = "Electrodom/parse-library-1.8.5/Parse.framework"; sourceTree = "<group>"; };
		C1ECDBC71BB74F9F00CC2A9A /* ParseCrashReporting.framework */ = {isa = PBXFileReference; lastKnownFileType = wrapper.framework; name = ParseCrashReporting.framework; path = "Electrodom/parse-library-1.8.5/ParseCrashReporting.framework"; sourceTree = "<group>"; };
		C1ECDBC81BB74F9F00CC2A9A /* ParseFacebookUtils.framework */ = {isa = PBXFileReference; lastKnownFileType = wrapper.framework; name = ParseFacebookUtils.framework; path = "Electrodom/parse-library-1.8.5/ParseFacebookUtils.framework"; sourceTree = "<group>"; };
		C1ECDBC91BB74F9F00CC2A9A /* ParseFacebookUtilsV4.framework */ = {isa = PBXFileReference; lastKnownFileType = wrapper.framework; name = ParseFacebookUtilsV4.framework; path = "Electrodom/parse-library-1.8.5/ParseFacebookUtilsV4.framework"; sourceTree = "<group>"; };
		C1ECDBCA1BB74F9F00CC2A9A /* ParseTwitterUtils.framework */ = {isa = PBXFileReference; lastKnownFileType = wrapper.framework; name = ParseTwitterUtils.framework; path = "Electrodom/parse-library-1.8.5/ParseTwitterUtils.framework"; sourceTree = "<group>"; };
		C1ECDBCB1BB74F9F00CC2A9A /* ParseUI.framework */ = {isa = PBXFileReference; lastKnownFileType = wrapper.framework; name = ParseUI.framework; path = "Electrodom/parse-library-1.8.5/ParseUI.framework"; sourceTree = "<group>"; };
		C1ECDBDB1BB7525200CC2A9A /* Electrodom-Prefix.pch */ = {isa = PBXFileReference; lastKnownFileType = sourcecode.c.h; path = "Electrodom-Prefix.pch"; sourceTree = "<group>"; };
		C1ECDBDC1BB7532100CC2A9A /* AudioToolbox.framework */ = {isa = PBXFileReference; lastKnownFileType = wrapper.framework; name = AudioToolbox.framework; path = System/Library/Frameworks/AudioToolbox.framework; sourceTree = SDKROOT; };
		C1ECDBDE1BB7534700CC2A9A /* CFNetwork.framework */ = {isa = PBXFileReference; lastKnownFileType = wrapper.framework; name = CFNetwork.framework; path = System/Library/Frameworks/CFNetwork.framework; sourceTree = SDKROOT; };
		C1ECDBE01BB7535200CC2A9A /* CoreGraphics.framework */ = {isa = PBXFileReference; lastKnownFileType = wrapper.framework; name = CoreGraphics.framework; path = System/Library/Frameworks/CoreGraphics.framework; sourceTree = SDKROOT; };
		C1ECDBE21BB7536000CC2A9A /* CoreLocation.framework */ = {isa = PBXFileReference; lastKnownFileType = wrapper.framework; name = CoreLocation.framework; path = System/Library/Frameworks/CoreLocation.framework; sourceTree = SDKROOT; };
		C1ECDBE41BB7536900CC2A9A /* QuartzCore.framework */ = {isa = PBXFileReference; lastKnownFileType = wrapper.framework; name = QuartzCore.framework; path = System/Library/Frameworks/QuartzCore.framework; sourceTree = SDKROOT; };
		C1ECDBE61BB7537900CC2A9A /* Security.framework */ = {isa = PBXFileReference; lastKnownFileType = wrapper.framework; name = Security.framework; path = System/Library/Frameworks/Security.framework; sourceTree = SDKROOT; };
		C1ECDBE81BB7538000CC2A9A /* StoreKit.framework */ = {isa = PBXFileReference; lastKnownFileType = wrapper.framework; name = StoreKit.framework; path = System/Library/Frameworks/StoreKit.framework; sourceTree = SDKROOT; };
		C1ECDBEA1BB7538D00CC2A9A /* SystemConfiguration.framework */ = {isa = PBXFileReference; lastKnownFileType = wrapper.framework; name = SystemConfiguration.framework; path = System/Library/Frameworks/SystemConfiguration.framework; sourceTree = SDKROOT; };
		C1ECDBEC1BB7539A00CC2A9A /* libz.dylib */ = {isa = PBXFileReference; lastKnownFileType = "compiled.mach-o.dylib"; name = libz.dylib; path = usr/lib/libz.dylib; sourceTree = SDKROOT; };
		C1ECDBEE1BB753AA00CC2A9A /* libsqlite3.dylib */ = {isa = PBXFileReference; lastKnownFileType = "compiled.mach-o.dylib"; name = libsqlite3.dylib; path = usr/lib/libsqlite3.dylib; sourceTree = SDKROOT; };
		C1ECDBF01BB753B700CC2A9A /* Accounts.framework */ = {isa = PBXFileReference; lastKnownFileType = wrapper.framework; name = Accounts.framework; path = System/Library/Frameworks/Accounts.framework; sourceTree = SDKROOT; };
		C1ECDBF21BB753BE00CC2A9A /* Social.framework */ = {isa = PBXFileReference; lastKnownFileType = wrapper.framework; name = Social.framework; path = System/Library/Frameworks/Social.framework; sourceTree = SDKROOT; };
		C1F8E1141BB7287100484FBA /* Electrodom.app */ = {isa = PBXFileReference; explicitFileType = wrapper.application; includeInIndex = 0; path = Electrodom.app; sourceTree = BUILT_PRODUCTS_DIR; };
		C1F8E1181BB7287100484FBA /* Info.plist */ = {isa = PBXFileReference; lastKnownFileType = text.plist.xml; path = Info.plist; sourceTree = "<group>"; };
		C1F8E1191BB7287100484FBA /* main.m */ = {isa = PBXFileReference; lastKnownFileType = sourcecode.c.objc; path = main.m; sourceTree = "<group>"; };
		C1F8E11B1BB7287100484FBA /* AppDelegate.h */ = {isa = PBXFileReference; lastKnownFileType = sourcecode.c.h; path = AppDelegate.h; sourceTree = "<group>"; };
		C1F8E11C1BB7287100484FBA /* AppDelegate.m */ = {isa = PBXFileReference; lastKnownFileType = sourcecode.c.objc; path = AppDelegate.m; sourceTree = "<group>"; };
		C1F8E11F1BB7287100484FBA /* Electrodom.xcdatamodel */ = {isa = PBXFileReference; lastKnownFileType = wrapper.xcdatamodel; path = Electrodom.xcdatamodel; sourceTree = "<group>"; };
		C1F8E1211BB7287100484FBA /* ViewController.h */ = {isa = PBXFileReference; lastKnownFileType = sourcecode.c.h; path = ViewController.h; sourceTree = "<group>"; };
		C1F8E1221BB7287100484FBA /* ViewController.m */ = {isa = PBXFileReference; lastKnownFileType = sourcecode.c.objc; path = ViewController.m; sourceTree = "<group>"; };
		C1F8E1271BB7287100484FBA /* Images.xcassets */ = {isa = PBXFileReference; lastKnownFileType = folder.assetcatalog; path = Images.xcassets; sourceTree = "<group>"; };
		C1F8E1301BB7287200484FBA /* ElectrodomTests.xctest */ = {isa = PBXFileReference; explicitFileType = wrapper.cfbundle; includeInIndex = 0; path = ElectrodomTests.xctest; sourceTree = BUILT_PRODUCTS_DIR; };
		C1F8E1351BB7287200484FBA /* Info.plist */ = {isa = PBXFileReference; lastKnownFileType = text.plist.xml; path = Info.plist; sourceTree = "<group>"; };
		C1F8E1361BB7287200484FBA /* ElectrodomTests.m */ = {isa = PBXFileReference; lastKnownFileType = sourcecode.c.objc; path = ElectrodomTests.m; sourceTree = "<group>"; };
		C1FFDEF41BB734D40087DC68 /* Base */ = {isa = PBXFileReference; lastKnownFileType = file.storyboard; name = Base; path = Base.lproj/Main.storyboard; sourceTree = "<group>"; };
		C1FFDEFC1BB739EC0087DC68 /* GlobalElectrodom.h */ = {isa = PBXFileReference; fileEncoding = 4; lastKnownFileType = sourcecode.c.h; path = GlobalElectrodom.h; sourceTree = "<group>"; };
		C1FFDEFD1BB739EC0087DC68 /* GlobalElectrodom.m */ = {isa = PBXFileReference; fileEncoding = 4; lastKnownFileType = sourcecode.c.objc; path = GlobalElectrodom.m; sourceTree = "<group>"; };
		C1FFDF001BB73FFC0087DC68 /* HomeViewController.h */ = {isa = PBXFileReference; fileEncoding = 4; lastKnownFileType = sourcecode.c.h; path = HomeViewController.h; sourceTree = "<group>"; };
		C1FFDF011BB73FFC0087DC68 /* HomeViewController.m */ = {isa = PBXFileReference; fileEncoding = 4; lastKnownFileType = sourcecode.c.objc; path = HomeViewController.m; sourceTree = "<group>"; };
/* End PBXFileReference section */

/* Begin PBXFrameworksBuildPhase section */
		C1F8E1111BB7287100484FBA /* Frameworks */ = {
			isa = PBXFrameworksBuildPhase;
			buildActionMask = 2147483647;
			files = (
				C109E7321BD2DC78000981F2 /* UIKit.framework in Frameworks */,
				C109E7301BD2DC68000981F2 /* Foundation.framework in Frameworks */,
				C1ECDBF31BB753BE00CC2A9A /* Social.framework in Frameworks */,
				C1ECDBF11BB753B700CC2A9A /* Accounts.framework in Frameworks */,
				C1ECDBEF1BB753AA00CC2A9A /* libsqlite3.dylib in Frameworks */,
				C1ECDBED1BB7539A00CC2A9A /* libz.dylib in Frameworks */,
				C1ECDBEB1BB7538D00CC2A9A /* SystemConfiguration.framework in Frameworks */,
				C1ECDBE91BB7538000CC2A9A /* StoreKit.framework in Frameworks */,
				C1ECDBE71BB7537900CC2A9A /* Security.framework in Frameworks */,
				C1ECDBE51BB7536A00CC2A9A /* QuartzCore.framework in Frameworks */,
				C1ECDBE31BB7536000CC2A9A /* CoreLocation.framework in Frameworks */,
				C1ECDBE11BB7535200CC2A9A /* CoreGraphics.framework in Frameworks */,
				C1ECDBDF1BB7534700CC2A9A /* CFNetwork.framework in Frameworks */,
				C1ECDBDD1BB7532100CC2A9A /* AudioToolbox.framework in Frameworks */,
				C1ECDBD41BB7504000CC2A9A /* Bolts.framework in Frameworks */,
				C1ECDBD51BB7504000CC2A9A /* Parse.framework in Frameworks */,
				C1ECDBD61BB7504000CC2A9A /* ParseCrashReporting.framework in Frameworks */,
				C1ECDBD71BB7504000CC2A9A /* ParseFacebookUtils.framework in Frameworks */,
				C1ECDBD81BB7504000CC2A9A /* ParseFacebookUtilsV4.framework in Frameworks */,
				C1ECDBD91BB7504000CC2A9A /* ParseTwitterUtils.framework in Frameworks */,
				C1ECDBDA1BB7504000CC2A9A /* ParseUI.framework in Frameworks */,
			);
			runOnlyForDeploymentPostprocessing = 0;
		};
		C1F8E12D1BB7287200484FBA /* Frameworks */ = {
			isa = PBXFrameworksBuildPhase;
			buildActionMask = 2147483647;
			files = (
			);
			runOnlyForDeploymentPostprocessing = 0;
		};
/* End PBXFrameworksBuildPhase section */

/* Begin PBXGroup section */
		89CF06A51BC1B979001DB09B /* Core */ = {
			isa = PBXGroup;
			children = (
				89CF06A61BC1B991001DB09B /* MessageDictionary.h */,
				89CF06A71BC1B991001DB09B /* MessageDictionary.m */,
				89CF06A91BC1BFCB001DB09B /* Product.h */,
				89CF06AA1BC1BFCB001DB09B /* Product.m */,
				89CF06C41BCDF02C001DB09B /* Order.h */,
				89CF06C51BCDF02C001DB09B /* Order.m */,
				C17D70B81BD449B500ABE01E /* Address.h */,
				C17D70B91BD449B500ABE01E /* Address.m */,
				C17D70BB1BD4557900ABE01E /* ProductOrder.h */,
				C17D70BC1BD4557900ABE01E /* ProductOrder.m */,
				89CF06F41BD6D28A001DB09B /* Promotion.h */,
				89CF06F51BD6D28A001DB09B /* Promotion.m */,
				89CF06FD1BD98835001DB09B /* Card.h */,
				89CF06FE1BD98835001DB09B /* Card.m */,
				89CF07031BD98929001DB09B /* Bank.h */,
				89CF07041BD98929001DB09B /* Bank.m */,
				89CF07091BD98F31001DB09B /* User.h */,
				89CF070A1BD98F31001DB09B /* User.m */,
				89CF070C1BDC2BE8001DB09B /* Categorie.h */,
				89CF070D1BDC2BE8001DB09B /* Categorie.m */,
				C1AB75491BDF2E21000613B6 /* ERP.h */,
				C1AB754A1BDF2E21000613B6 /* ERP.m */,
				C162536D1BE5857000A26E68 /* CashOrder.h */,
				C162536E1BE5857000A26E68 /* CashOrder.m */,
			);
			name = Core;
			sourceTree = "<group>";
		};
		89CF06C71BCDFF0C001DB09B /* Views */ = {
			isa = PBXGroup;
			children = (
				89CF06C81BCDFF30001DB09B /* ProductViewCell.h */,
				89CF06C91BCDFF30001DB09B /* ProductViewCell.m */,
			);
			name = Views;
			sourceTree = "<group>";
		};
		C1ECDBD31BB7502400CC2A9A /* Frameworks */ = {
			isa = PBXGroup;
			children = (
				C109E7311BD2DC78000981F2 /* UIKit.framework */,
				C109E72F1BD2DC68000981F2 /* Foundation.framework */,
				C1ECDBF21BB753BE00CC2A9A /* Social.framework */,
				C1ECDBF01BB753B700CC2A9A /* Accounts.framework */,
				C1ECDBEE1BB753AA00CC2A9A /* libsqlite3.dylib */,
				C1ECDBEC1BB7539A00CC2A9A /* libz.dylib */,
				C1ECDBEA1BB7538D00CC2A9A /* SystemConfiguration.framework */,
				C1ECDBE81BB7538000CC2A9A /* StoreKit.framework */,
				C1ECDBE61BB7537900CC2A9A /* Security.framework */,
				C1ECDBE41BB7536900CC2A9A /* QuartzCore.framework */,
				C1ECDBE21BB7536000CC2A9A /* CoreLocation.framework */,
				C1ECDBE01BB7535200CC2A9A /* CoreGraphics.framework */,
				C1ECDBDE1BB7534700CC2A9A /* CFNetwork.framework */,
				C1ECDBDC1BB7532100CC2A9A /* AudioToolbox.framework */,
				C1ECDBC51BB74F9F00CC2A9A /* Bolts.framework */,
				C1ECDBC61BB74F9F00CC2A9A /* Parse.framework */,
				C1ECDBC71BB74F9F00CC2A9A /* ParseCrashReporting.framework */,
				C1ECDBC81BB74F9F00CC2A9A /* ParseFacebookUtils.framework */,
				C1ECDBC91BB74F9F00CC2A9A /* ParseFacebookUtilsV4.framework */,
				C1ECDBCA1BB74F9F00CC2A9A /* ParseTwitterUtils.framework */,
				C1ECDBCB1BB74F9F00CC2A9A /* ParseUI.framework */,
			);
			name = Frameworks;
			sourceTree = "<group>";
		};
		C1F8E10B1BB7287100484FBA = {
			isa = PBXGroup;
			children = (
				C1ECDBD31BB7502400CC2A9A /* Frameworks */,
				C1F8E1161BB7287100484FBA /* Electrodom */,
				C1F8E1331BB7287200484FBA /* ElectrodomTests */,
				C1F8E1151BB7287100484FBA /* Products */,
			);
			sourceTree = "<group>";
		};
		C1F8E1151BB7287100484FBA /* Products */ = {
			isa = PBXGroup;
			children = (
				C1F8E1141BB7287100484FBA /* Electrodom.app */,
				C1F8E1301BB7287200484FBA /* ElectrodomTests.xctest */,
			);
			name = Products;
			sourceTree = "<group>";
		};
		C1F8E1161BB7287100484FBA /* Electrodom */ = {
			isa = PBXGroup;
			children = (
				89CF06C71BCDFF0C001DB09B /* Views */,
				89CF06A51BC1B979001DB09B /* Core */,
				C1FFDEF31BB734D40087DC68 /* Main.storyboard */,
				C1F8E11B1BB7287100484FBA /* AppDelegate.h */,
				C1F8E11C1BB7287100484FBA /* AppDelegate.m */,
				C1F8E1271BB7287100484FBA /* Images.xcassets */,
				C1F8E11E1BB7287100484FBA /* Electrodom.xcdatamodeld */,
				C1F8E1171BB7287100484FBA /* Supporting Files */,
				C1FFDEFC1BB739EC0087DC68 /* GlobalElectrodom.h */,
				C1FFDEFD1BB739EC0087DC68 /* GlobalElectrodom.m */,
				C1FFDEFF1BB73F640087DC68 /* Controllers */,
			);
			path = Electrodom;
			sourceTree = "<group>";
		};
		C1F8E1171BB7287100484FBA /* Supporting Files */ = {
			isa = PBXGroup;
			children = (
				C1AB75471BDF2B7C000613B6 /* cart_ok.png */,
				89CF06F21BD6A904001DB09B /* Captura de pantalla 2015-10-20 a las 13.52.36.png */,
				89CF06D11BD030FC001DB09B /* nfc1.png */,
				89CF06CF1BD02B46001DB09B /* shopping100.png */,
				89CF06CD1BD0275B001DB09B /* shopping122.png */,
				89CF06CB1BD015E4001DB09B /* garbage12.png */,
				89CF06C21BCDEAC9001DB09B /* cart.png */,
				89CF06B41BC6383C001DB09B /* images.jpg */,
				C1ECDBDB1BB7525200CC2A9A /* Electrodom-Prefix.pch */,
				C1F8E1181BB7287100484FBA /* Info.plist */,
				C1F8E1191BB7287100484FBA /* main.m */,
			);
			name = "Supporting Files";
			sourceTree = "<group>";
		};
		C1F8E1331BB7287200484FBA /* ElectrodomTests */ = {
			isa = PBXGroup;
			children = (
				C1F8E1361BB7287200484FBA /* ElectrodomTests.m */,
				C1F8E1341BB7287200484FBA /* Supporting Files */,
			);
			path = ElectrodomTests;
			sourceTree = "<group>";
		};
		C1F8E1341BB7287200484FBA /* Supporting Files */ = {
			isa = PBXGroup;
			children = (
				C1F8E1351BB7287200484FBA /* Info.plist */,
			);
			name = "Supporting Files";
			sourceTree = "<group>";
		};
		C1FFDEFF1BB73F640087DC68 /* Controllers */ = {
			isa = PBXGroup;
			children = (
				C109E72C1BD2DA7E000981F2 /* SWRevealViewController.h */,
				C109E72D1BD2DA7E000981F2 /* SWRevealViewController.m */,
				C10793E81BD2D2700024A633 /* NavigationViewController.h */,
				C10793E91BD2D2700024A633 /* NavigationViewController.m */,
				89FB77D31BB8A8670043EF4A /* RegisterViewController.m */,
				89FB77D21BB8A8670043EF4A /* RegisterViewController.h */,
				C1F8E1211BB7287100484FBA /* ViewController.h */,
				C1F8E1221BB7287100484FBA /* ViewController.m */,
				C1FFDF001BB73FFC0087DC68 /* HomeViewController.h */,
				C1FFDF011BB73FFC0087DC68 /* HomeViewController.m */,
				89CF069F1BC089A3001DB09B /* EditViewController.h */,
				89CF06A01BC089A3001DB09B /* EditViewController.m */,
				89CF06AC1BC1C5D3001DB09B /* ProductViewController.h */,
				89CF06AD1BC1C5D3001DB09B /* ProductViewController.m */,
				89CF06AF1BC1D6B4001DB09B /* ProductDetailViewController.h */,
				89CF06B01BC1D6B4001DB09B /* ProductDetailViewController.m */,
				89CF06B61BC70832001DB09B /* CartViewController.h */,
				89CF06B71BC70832001DB09B /* CartViewController.m */,
				89CF06D31BD28537001DB09B /* OrderViewController.h */,
				89CF06D41BD28537001DB09B /* OrderViewController.m */,
				89CF070F1BE00DCF001DB09B /* MyOrdersViewController.h */,
				89CF07101BE00DCF001DB09B /* MyOrdersViewController.m */,
				89CF06D61BD2A5F2001DB09B /* UIDownPicker.h */,
				89CF06D71BD2A5F2001DB09B /* UIDownPicker.m */,
				89CF06EF1BD6A804001DB09B /* NFCViewController.h */,
				89CF06F01BD6A804001DB09B /* NFCViewController.m */,
				89CF06FA1BD6DB6E001DB09B /* OffersViewController.h */,
				89CF06FB1BD6DB6E001DB09B /* OffersViewController.m */,
				89CF07061BD98E09001DB09B /* CardsViewController.h */,
				89CF07071BD98E09001DB09B /* CardsViewController.m */,
				C14212811BDDBCAB00CDAD2E /* TestCollectionViewController.h */,
				C14212821BDDBCAB00CDAD2E /* TestCollectionViewController.m */,
				C1AB754C1BDF375C000613B6 /* ConfirmationViewController.h */,
				C1AB754D1BDF375C000613B6 /* ConfirmationViewController.m */,
				C162536A1BE57B9400A26E68 /* CashViewController.h */,
				C162536B1BE57B9400A26E68 /* CashViewController.m */,
			);
			name = Controllers;
			sourceTree = "<group>";
		};
/* End PBXGroup section */

/* Begin PBXNativeTarget section */
		C1F8E1131BB7287100484FBA /* Electrodom */ = {
			isa = PBXNativeTarget;
			buildConfigurationList = C1F8E13A1BB7287200484FBA /* Build configuration list for PBXNativeTarget "Electrodom" */;
			buildPhases = (
				C1F8E1101BB7287100484FBA /* Sources */,
				C1F8E1111BB7287100484FBA /* Frameworks */,
				C1F8E1121BB7287100484FBA /* Resources */,
			);
			buildRules = (
			);
			dependencies = (
			);
			name = Electrodom;
			productName = Electrodom;
			productReference = C1F8E1141BB7287100484FBA /* Electrodom.app */;
			productType = "com.apple.product-type.application";
		};
		C1F8E12F1BB7287200484FBA /* ElectrodomTests */ = {
			isa = PBXNativeTarget;
			buildConfigurationList = C1F8E13D1BB7287200484FBA /* Build configuration list for PBXNativeTarget "ElectrodomTests" */;
			buildPhases = (
				C1F8E12C1BB7287200484FBA /* Sources */,
				C1F8E12D1BB7287200484FBA /* Frameworks */,
				C1F8E12E1BB7287200484FBA /* Resources */,
			);
			buildRules = (
			);
			dependencies = (
				C1F8E1321BB7287200484FBA /* PBXTargetDependency */,
			);
			name = ElectrodomTests;
			productName = ElectrodomTests;
			productReference = C1F8E1301BB7287200484FBA /* ElectrodomTests.xctest */;
			productType = "com.apple.product-type.bundle.unit-test";
		};
/* End PBXNativeTarget section */

/* Begin PBXProject section */
		C1F8E10C1BB7287100484FBA /* Project object */ = {
			isa = PBXProject;
			attributes = {
				LastUpgradeCheck = 0700;
				ORGANIZATIONNAME = "Jacobo Singer";
				TargetAttributes = {
					C1F8E1131BB7287100484FBA = {
						CreatedOnToolsVersion = 6.1;
						DevelopmentTeam = 7L24J8625C;
					};
					C1F8E12F1BB7287200484FBA = {
						CreatedOnToolsVersion = 6.1;
						TestTargetID = C1F8E1131BB7287100484FBA;
					};
				};
			};
			buildConfigurationList = C1F8E10F1BB7287100484FBA /* Build configuration list for PBXProject "Electrodom" */;
			compatibilityVersion = "Xcode 3.2";
			developmentRegion = English;
			hasScannedForEncodings = 0;
			knownRegions = (
				en,
				Base,
			);
			mainGroup = C1F8E10B1BB7287100484FBA;
			productRefGroup = C1F8E1151BB7287100484FBA /* Products */;
			projectDirPath = "";
			projectRoot = "";
			targets = (
				C1F8E1131BB7287100484FBA /* Electrodom */,
				C1F8E12F1BB7287200484FBA /* ElectrodomTests */,
			);
		};
/* End PBXProject section */

/* Begin PBXResourcesBuildPhase section */
		C1F8E1121BB7287100484FBA /* Resources */ = {
			isa = PBXResourcesBuildPhase;
			buildActionMask = 2147483647;
			files = (
				89CF06F31BD6A904001DB09B /* Captura de pantalla 2015-10-20 a las 13.52.36.png in Resources */,
				89CF06CC1BD015E5001DB09B /* garbage12.png in Resources */,
				89CF06D21BD030FC001DB09B /* nfc1.png in Resources */,
				89CF06C31BCDEAC9001DB09B /* cart.png in Resources */,
				89CF06D01BD02B46001DB09B /* shopping100.png in Resources */,
				C1F8E1281BB7287100484FBA /* Images.xcassets in Resources */,
				C1FFDEF51BB734D40087DC68 /* Main.storyboard in Resources */,
				89CF06B51BC6383C001DB09B /* images.jpg in Resources */,
				89CF06CE1BD0275B001DB09B /* shopping122.png in Resources */,
				C1AB75481BDF2B7C000613B6 /* cart_ok.png in Resources */,
			);
			runOnlyForDeploymentPostprocessing = 0;
		};
		C1F8E12E1BB7287200484FBA /* Resources */ = {
			isa = PBXResourcesBuildPhase;
			buildActionMask = 2147483647;
			files = (
			);
			runOnlyForDeploymentPostprocessing = 0;
		};
/* End PBXResourcesBuildPhase section */

/* Begin PBXSourcesBuildPhase section */
		C1F8E1101BB7287100484FBA /* Sources */ = {
			isa = PBXSourcesBuildPhase;
			buildActionMask = 2147483647;
			files = (
				C1F8E1201BB7287100484FBA /* Electrodom.xcdatamodeld in Sources */,
				89CF07081BD98E09001DB09B /* CardsViewController.m in Sources */,
				C109E72E1BD2DA7E000981F2 /* SWRevealViewController.m in Sources */,
				C1F8E11D1BB7287100484FBA /* AppDelegate.m in Sources */,
				89CF06AB1BC1BFCB001DB09B /* Product.m in Sources */,
				89CF06D81BD2A5F2001DB09B /* UIDownPicker.m in Sources */,
				89CF07111BE00DCF001DB09B /* MyOrdersViewController.m in Sources */,
				89CF06D51BD28537001DB09B /* OrderViewController.m in Sources */,
				C1FFDEFE1BB739EC0087DC68 /* GlobalElectrodom.m in Sources */,
				C14212831BDDBCAB00CDAD2E /* TestCollectionViewController.m in Sources */,
				89CF070E1BDC2BE8001DB09B /* Categorie.m in Sources */,
				89CF070B1BD98F31001DB09B /* User.m in Sources */,
				C162536C1BE57B9400A26E68 /* CashViewController.m in Sources */,
				89CF06FC1BD6DB6E001DB09B /* OffersViewController.m in Sources */,
				C162536F1BE5857000A26E68 /* CashOrder.m in Sources */,
				C17D70BD1BD4557900ABE01E /* ProductOrder.m in Sources */,
				C1F8E1231BB7287100484FBA /* ViewController.m in Sources */,
				89CF06FF1BD98835001DB09B /* Card.m in Sources */,
				C10793EA1BD2D2700024A633 /* NavigationViewController.m in Sources */,
				89CF06B11BC1D6B4001DB09B /* ProductDetailViewController.m in Sources */,
				89CF07051BD98929001DB09B /* Bank.m in Sources */,
				89CF06C61BCDF02C001DB09B /* Order.m in Sources */,
				89CF06AE1BC1C5D3001DB09B /* ProductViewController.m in Sources */,
				89CF06F11BD6A804001DB09B /* NFCViewController.m in Sources */,
				89CF06CA1BCDFF30001DB09B /* ProductViewCell.m in Sources */,
				89CF06A81BC1B991001DB09B /* MessageDictionary.m in Sources */,
				89CF06A11BC089A4001DB09B /* EditViewController.m in Sources */,
				89FB77D41BB8A8670043EF4A /* RegisterViewController.m in Sources */,
				C1F8E11A1BB7287100484FBA /* main.m in Sources */,
				89CF06B81BC70832001DB09B /* CartViewController.m in Sources */,
				89CF06F61BD6D28A001DB09B /* Promotion.m in Sources */,
				C17D70BA1BD449B500ABE01E /* Address.m in Sources */,
				C1AB754B1BDF2E21000613B6 /* ERP.m in Sources */,
				C1FFDF021BB73FFC0087DC68 /* HomeViewController.m in Sources */,
				C1AB754E1BDF375C000613B6 /* ConfirmationViewController.m in Sources */,
			);
			runOnlyForDeploymentPostprocessing = 0;
		};
		C1F8E12C1BB7287200484FBA /* Sources */ = {
			isa = PBXSourcesBuildPhase;
			buildActionMask = 2147483647;
			files = (
				C1F8E1371BB7287200484FBA /* ElectrodomTests.m in Sources */,
			);
			runOnlyForDeploymentPostprocessing = 0;
		};
/* End PBXSourcesBuildPhase section */

/* Begin PBXTargetDependency section */
		C1F8E1321BB7287200484FBA /* PBXTargetDependency */ = {
			isa = PBXTargetDependency;
			target = C1F8E1131BB7287100484FBA /* Electrodom */;
			targetProxy = C1F8E1311BB7287200484FBA /* PBXContainerItemProxy */;
		};
/* End PBXTargetDependency section */

/* Begin PBXVariantGroup section */
		C1FFDEF31BB734D40087DC68 /* Main.storyboard */ = {
			isa = PBXVariantGroup;
			children = (
				C1FFDEF41BB734D40087DC68 /* Base */,
			);
			name = Main.storyboard;
			sourceTree = "<group>";
		};
/* End PBXVariantGroup section */

/* Begin XCBuildConfiguration section */
		C1F8E1381BB7287200484FBA /* Debug */ = {
			isa = XCBuildConfiguration;
			buildSettings = {
				ALWAYS_SEARCH_USER_PATHS = NO;
				CLANG_CXX_LANGUAGE_STANDARD = "gnu++0x";
				CLANG_CXX_LIBRARY = "libc++";
				CLANG_ENABLE_MODULES = YES;
				CLANG_ENABLE_OBJC_ARC = YES;
				CLANG_WARN_BOOL_CONVERSION = YES;
				CLANG_WARN_CONSTANT_CONVERSION = YES;
				CLANG_WARN_DIRECT_OBJC_ISA_USAGE = YES_ERROR;
				CLANG_WARN_EMPTY_BODY = YES;
				CLANG_WARN_ENUM_CONVERSION = YES;
				CLANG_WARN_INT_CONVERSION = YES;
				CLANG_WARN_OBJC_ROOT_CLASS = YES_ERROR;
				CLANG_WARN_UNREACHABLE_CODE = YES;
				CLANG_WARN__DUPLICATE_METHOD_MATCH = YES;
				"CODE_SIGN_IDENTITY[sdk=iphoneos*]" = "iPhone Developer";
				COPY_PHASE_STRIP = NO;
				ENABLE_STRICT_OBJC_MSGSEND = YES;
				ENABLE_TESTABILITY = YES;
				GCC_C_LANGUAGE_STANDARD = gnu99;
				GCC_DYNAMIC_NO_PIC = NO;
				GCC_OPTIMIZATION_LEVEL = 0;
				GCC_PREPROCESSOR_DEFINITIONS = (
					"DEBUG=1",
					"$(inherited)",
				);
				GCC_SYMBOLS_PRIVATE_EXTERN = NO;
				GCC_WARN_64_TO_32_BIT_CONVERSION = YES;
				GCC_WARN_ABOUT_RETURN_TYPE = YES_ERROR;
				GCC_WARN_UNDECLARED_SELECTOR = YES;
				GCC_WARN_UNINITIALIZED_AUTOS = YES_AGGRESSIVE;
				GCC_WARN_UNUSED_FUNCTION = YES;
				GCC_WARN_UNUSED_VARIABLE = YES;
				IPHONEOS_DEPLOYMENT_TARGET = 8.1;
				MTL_ENABLE_DEBUG_INFO = YES;
				ONLY_ACTIVE_ARCH = YES;
				SDKROOT = iphoneos;
			};
			name = Debug;
		};
		C1F8E1391BB7287200484FBA /* Release */ = {
			isa = XCBuildConfiguration;
			buildSettings = {
				ALWAYS_SEARCH_USER_PATHS = NO;
				CLANG_CXX_LANGUAGE_STANDARD = "gnu++0x";
				CLANG_CXX_LIBRARY = "libc++";
				CLANG_ENABLE_MODULES = YES;
				CLANG_ENABLE_OBJC_ARC = YES;
				CLANG_WARN_BOOL_CONVERSION = YES;
				CLANG_WARN_CONSTANT_CONVERSION = YES;
				CLANG_WARN_DIRECT_OBJC_ISA_USAGE = YES_ERROR;
				CLANG_WARN_EMPTY_BODY = YES;
				CLANG_WARN_ENUM_CONVERSION = YES;
				CLANG_WARN_INT_CONVERSION = YES;
				CLANG_WARN_OBJC_ROOT_CLASS = YES_ERROR;
				CLANG_WARN_UNREACHABLE_CODE = YES;
				CLANG_WARN__DUPLICATE_METHOD_MATCH = YES;
				"CODE_SIGN_IDENTITY[sdk=iphoneos*]" = "iPhone Developer";
				COPY_PHASE_STRIP = YES;
				ENABLE_NS_ASSERTIONS = NO;
				ENABLE_STRICT_OBJC_MSGSEND = YES;
				GCC_C_LANGUAGE_STANDARD = gnu99;
				GCC_WARN_64_TO_32_BIT_CONVERSION = YES;
				GCC_WARN_ABOUT_RETURN_TYPE = YES_ERROR;
				GCC_WARN_UNDECLARED_SELECTOR = YES;
				GCC_WARN_UNINITIALIZED_AUTOS = YES_AGGRESSIVE;
				GCC_WARN_UNUSED_FUNCTION = YES;
				GCC_WARN_UNUSED_VARIABLE = YES;
				IPHONEOS_DEPLOYMENT_TARGET = 8.1;
				MTL_ENABLE_DEBUG_INFO = NO;
				SDKROOT = iphoneos;
				VALIDATE_PRODUCT = YES;
			};
			name = Release;
		};
		C1F8E13B1BB7287200484FBA /* Debug */ = {
			isa = XCBuildConfiguration;
			buildSettings = {
				ASSETCATALOG_COMPILER_APPICON_NAME = AppIcon;
				CODE_SIGN_IDENTITY = "iPhone Developer";
				"CODE_SIGN_IDENTITY[sdk=iphoneos*]" = "iPhone Developer";
				FRAMEWORK_SEARCH_PATHS = (
					"$(inherited)",
					"$(PROJECT_DIR)/Electrodom/parse-library-1.8.5",
				);
				GCC_PREFIX_HEADER = "";
				INFOPLIST_FILE = Electrodom/Info.plist;
				IPHONEOS_DEPLOYMENT_TARGET = 8.1;
				LD_RUNPATH_SEARCH_PATHS = "$(inherited) @executable_path/Frameworks";
				PRODUCT_BUNDLE_IDENTIFIER = "jsinger.$(PRODUCT_NAME:rfc1034identifier)";
				PRODUCT_NAME = "$(TARGET_NAME)";
				PROVISIONING_PROFILE = "";
			};
			name = Debug;
		};
		C1F8E13C1BB7287200484FBA /* Release */ = {
			isa = XCBuildConfiguration;
			buildSettings = {
				ASSETCATALOG_COMPILER_APPICON_NAME = AppIcon;
				CODE_SIGN_IDENTITY = "iPhone Developer";
				"CODE_SIGN_IDENTITY[sdk=iphoneos*]" = "iPhone Developer";
				FRAMEWORK_SEARCH_PATHS = (
					"$(inherited)",
					"$(PROJECT_DIR)/Electrodom/parse-library-1.8.5",
				);
				GCC_PREFIX_HEADER = "";
				INFOPLIST_FILE = Electrodom/Info.plist;
				IPHONEOS_DEPLOYMENT_TARGET = 8.1;
				LD_RUNPATH_SEARCH_PATHS = "$(inherited) @executable_path/Frameworks";
				PRODUCT_BUNDLE_IDENTIFIER = "jsinger.$(PRODUCT_NAME:rfc1034identifier)";
				PRODUCT_NAME = "$(TARGET_NAME)";
				PROVISIONING_PROFILE = "";
			};
			name = Release;
		};
		C1F8E13E1BB7287200484FBA /* Debug */ = {
			isa = XCBuildConfiguration;
			buildSettings = {
				BUNDLE_LOADER = "$(TEST_HOST)";
				FRAMEWORK_SEARCH_PATHS = (
					"$(SDKROOT)/Developer/Library/Frameworks",
					"$(inherited)",
				);
				GCC_PREPROCESSOR_DEFINITIONS = (
					"DEBUG=1",
					"$(inherited)",
				);
				INFOPLIST_FILE = ElectrodomTests/Info.plist;
				LD_RUNPATH_SEARCH_PATHS = "$(inherited) @executable_path/Frameworks @loader_path/Frameworks";
				PRODUCT_BUNDLE_IDENTIFIER = "jsinger.$(PRODUCT_NAME:rfc1034identifier)";
				PRODUCT_NAME = "$(TARGET_NAME)";
				TEST_HOST = "$(BUILT_PRODUCTS_DIR)/Electrodom.app/Electrodom";
			};
			name = Debug;
		};
		C1F8E13F1BB7287200484FBA /* Release */ = {
			isa = XCBuildConfiguration;
			buildSettings = {
				BUNDLE_LOADER = "$(TEST_HOST)";
				FRAMEWORK_SEARCH_PATHS = (
					"$(SDKROOT)/Developer/Library/Frameworks",
					"$(inherited)",
				);
				INFOPLIST_FILE = ElectrodomTests/Info.plist;
				LD_RUNPATH_SEARCH_PATHS = "$(inherited) @executable_path/Frameworks @loader_path/Frameworks";
				PRODUCT_BUNDLE_IDENTIFIER = "jsinger.$(PRODUCT_NAME:rfc1034identifier)";
				PRODUCT_NAME = "$(TARGET_NAME)";
				TEST_HOST = "$(BUILT_PRODUCTS_DIR)/Electrodom.app/Electrodom";
			};
			name = Release;
		};
/* End XCBuildConfiguration section */

/* Begin XCConfigurationList section */
		C1F8E10F1BB7287100484FBA /* Build configuration list for PBXProject "Electrodom" */ = {
			isa = XCConfigurationList;
			buildConfigurations = (
				C1F8E1381BB7287200484FBA /* Debug */,
				C1F8E1391BB7287200484FBA /* Release */,
			);
			defaultConfigurationIsVisible = 0;
			defaultConfigurationName = Release;
		};
		C1F8E13A1BB7287200484FBA /* Build configuration list for PBXNativeTarget "Electrodom" */ = {
			isa = XCConfigurationList;
			buildConfigurations = (
				C1F8E13B1BB7287200484FBA /* Debug */,
				C1F8E13C1BB7287200484FBA /* Release */,
			);
			defaultConfigurationIsVisible = 0;
			defaultConfigurationName = Release;
		};
		C1F8E13D1BB7287200484FBA /* Build configuration list for PBXNativeTarget "ElectrodomTests" */ = {
			isa = XCConfigurationList;
			buildConfigurations = (
				C1F8E13E1BB7287200484FBA /* Debug */,
				C1F8E13F1BB7287200484FBA /* Release */,
			);
			defaultConfigurationIsVisible = 0;
			defaultConfigurationName = Release;
		};
/* End XCConfigurationList section */

/* Begin XCVersionGroup section */
		C1F8E11E1BB7287100484FBA /* Electrodom.xcdatamodeld */ = {
			isa = XCVersionGroup;
			children = (
				C1F8E11F1BB7287100484FBA /* Electrodom.xcdatamodel */,
			);
			currentVersion = C1F8E11F1BB7287100484FBA /* Electrodom.xcdatamodel */;
			path = Electrodom.xcdatamodeld;
			sourceTree = "<group>";
			versionGroupType = wrapper.xcdatamodel;
		};
/* End XCVersionGroup section */
	};
	rootObject = C1F8E10C1BB7287100484FBA /* Project object */;
}
